
Microsoft Visual Studio Solution File, Format Version 12.00
# Visual Studio 14
VisualStudioVersion = 14.0.25420.1
MinimumVisualStudioVersion = 10.0.40219.1
Project("{2150E333-8FDC-42A3-9474-1A3956D46DE8}") = "src", "src", "{59D8B759-18CA-4B4F-97A1-89033E5021E1}"
EndProject
Project("{2150E333-8FDC-42A3-9474-1A3956D46DE8}") = "Solution Items", "Solution Items", "{395CEC21-D232-45C8-BC79-D0C7CC790FB7}"
	ProjectSection(SolutionItems) = preProject
		global.json = global.json
	EndProjectSection
EndProject
Project("{8BB2217D-0F2D-49D1-97BC-3654ED321F3B}") = "WebApplication1", "src\WebApplication1\WebApplication1.xproj", "{439D0F68-48F4-4584-A823-16CC9A200C70}"
EndProject
Global
	GlobalSection(SolutionConfigurationPlatforms) = preSolution
		Debug|Any CPU = Debug|Any CPU
		Release|Any CPU = Release|Any CPU
	EndGlobalSection
	GlobalSection(ProjectConfigurationPlatforms) = postSolution
		{439D0F68-48F4-4584-A823-16CC9A200C70}.Debug|Any CPU.ActiveCfg = Debug|Any CPU
		{439D0F68-48F4-4584-A823-16CC9A200C70}.Debug|Any CPU.Build.0 = Debug|Any CPU
		{439D0F68-48F4-4584-A823-16CC9A200C70}.Release|Any CPU.ActiveCfg = Release|Any CPU
		{439D0F68-48F4-4584-A823-16CC9A200C70}.Release|Any CPU.Build.0 = Release|Any CPU
	EndGlobalSection
	GlobalSection(SolutionProperties) = preSolution
		HideSolutionNode = FALSE
	EndGlobalSection
	GlobalSection(NestedProjects) = preSolution
		{439D0F68-48F4-4584-A823-16CC9A200C70} = {59D8B759-18CA-4B4F-97A1-89033E5021E1}
	EndGlobalSection
EndGlobal
